{
  "name": "mii-creator",
  "lockfileVersion": 3,
  "requires": true,
  "packages": {
    "": {
      "name": "mii-creator",
      "dependencies": {
        "@datkat21/html": "^1.2.0",
        "@sentry/browser": "^8.53.0",
        "@types/assert": "^1.5.10",
        "@types/gsap": "^3.0.0",
        "@types/md5": "^2.3.5",
        "@types/three": "^0.169.0",
        "assert": "^2.1.0",
        "buffer": "^6.0.3",
        "camera-controls": "^2.9.0",
        "iconv-lite": "^0.6.3",
        "jszip": "^3.10.1",
        "kaitai-struct": "^0.10.0",
        "localforage": "^1.10.0",
        "md5": "^2.3.0",
        "sass": "^1.79.4",
        "three": "^0.169.0",
        "vanilla-lazyload": "^19.1.3"
      },
      "devDependencies": {
        "@types/bun": "latest"
      },
      "peerDependencies": {
        "typescript": "^5.0.0"
      }
    },
    "node_modules/@datkat21/html": {
      "version": "1.2.0",
      "license": "MIT"
    },
    "node_modules/@sentry-internal/browser-utils": {
      "version": "8.53.0",
      "license": "MIT",
      "dependencies": {
        "@sentry/core": "8.53.0"
      },
      "engines": {
        "node": ">=14.18"
      }
    },
    "node_modules/@sentry-internal/feedback": {
      "version": "8.53.0",
      "license": "MIT",
      "dependencies": {
        "@sentry/core": "8.53.0"
      },
      "engines": {
        "node": ">=14.18"
      }
    },
    "node_modules/@sentry-internal/replay": {
      "version": "8.53.0",
      "license": "MIT",
      "dependencies": {
        "@sentry-internal/browser-utils": "8.53.0",
        "@sentry/core": "8.53.0"
      },
      "engines": {
        "node": ">=14.18"
      }
    },
    "node_modules/@sentry-internal/replay-canvas": {
      "version": "8.53.0",
      "license": "MIT",
      "dependencies": {
        "@sentry-internal/replay": "8.53.0",
        "@sentry/core": "8.53.0"
      },
      "engines": {
        "node": ">=14.18"
      }
    },
    "node_modules/@sentry/browser": {
      "version": "8.53.0",
      "license": "MIT",
      "dependencies": {
        "@sentry-internal/browser-utils": "8.53.0",
        "@sentry-internal/feedback": "8.53.0",
        "@sentry-internal/replay": "8.53.0",
        "@sentry-internal/replay-canvas": "8.53.0",
        "@sentry/core": "8.53.0"
      },
      "engines": {
        "node": ">=14.18"
      }
    },
    "node_modules/@sentry/core": {
      "version": "8.53.0",
      "license": "MIT",
      "engines": {
        "node": ">=14.18"
      }
    },
    "node_modules/@tweenjs/tween.js": {
      "version": "23.1.3",
      "license": "MIT"
    },
    "node_modules/@types/assert": {
      "version": "1.5.10",
      "license": "MIT"
    },
    "node_modules/@types/bun": {
      "version": "1.2.23",
      "resolved": "https://registry.npmjs.org/@types/bun/-/bun-1.2.23.tgz",
      "integrity": "sha512-le8ueOY5b6VKYf19xT3McVbXqLqmxzPXHsQT/q9JHgikJ2X22wyTW3g3ohz2ZMnp7dod6aduIiq8A14Xyimm0A==",
      "dev": true,
      "license": "MIT",
      "dependencies": {
        "bun-types": "1.2.23"
      }
    },
    "node_modules/@types/gsap": {
      "version": "3.0.0",
      "license": "MIT",
      "dependencies": {
        "gsap": "*"
      }
    },
    "node_modules/@types/md5": {
      "version": "2.3.5",
      "license": "MIT"
    },
    "node_modules/@types/node": {
      "version": "24.6.0",
      "resolved": "https://registry.npmjs.org/@types/node/-/node-24.6.0.tgz",
      "integrity": "sha512-F1CBxgqwOMc4GKJ7eY22hWhBVQuMYTtqI8L0FcszYcpYX0fzfDGpez22Xau8Mgm7O9fI+zA/TYIdq3tGWfweBA==",
      "dev": true,
      "license": "MIT",
      "dependencies": {
        "undici-types": "~7.13.0"
      }
    },
    "node_modules/@types/react": {
      "version": "19.1.15",
      "resolved": "https://registry.npmjs.org/@types/react/-/react-19.1.15.tgz",
      "integrity": "sha512-+kLxJpaJzXybyDyFXYADyP1cznTO8HSuBpenGlnKOAkH4hyNINiywvXS/tGJhsrGGP/gM185RA3xpjY0Yg4erA==",
      "dev": true,
      "license": "MIT",
      "peer": true,
      "dependencies": {
        "csstype": "^3.0.2"
      }
    },
    "node_modules/@types/stats.js": {
      "version": "0.17.3",
      "license": "MIT"
    },
    "node_modules/@types/three": {
      "version": "0.169.0",
      "license": "MIT",
      "dependencies": {
        "@tweenjs/tween.js": "~23.1.3",
        "@types/stats.js": "*",
        "@types/webxr": "*",
        "@webgpu/types": "*",
        "fflate": "~0.8.2",
        "meshoptimizer": "~0.18.1"
      }
    },
    "node_modules/@types/webxr": {
      "version": "0.5.20",
      "license": "MIT"
    },
    "node_modules/@webgpu/types": {
      "version": "0.1.48",
      "license": "BSD-3-Clause"
    },
    "node_modules/assert": {
      "version": "2.1.0",
      "license": "MIT",
      "dependencies": {
        "call-bind": "^1.0.2",
        "is-nan": "^1.3.2",
        "object-is": "^1.1.5",
        "object.assign": "^4.1.4",
        "util": "^0.12.5"
      }
    },
    "node_modules/available-typed-arrays": {
      "version": "1.0.7",
      "license": "MIT",
      "dependencies": {
        "possible-typed-array-names": "^1.0.0"
      },
      "engines": {
        "node": ">= 0.4"
      },
      "funding": {
        "url": "https://github.com/sponsors/ljharb"
      }
    },
    "node_modules/base64-js": {
      "version": "1.5.1",
      "funding": [
        {
          "type": "github",
          "url": "https://github.com/sponsors/feross"
        },
        {
          "type": "patreon",
          "url": "https://www.patreon.com/feross"
        },
        {
          "type": "consulting",
          "url": "https://feross.org/support"
        }
      ],
      "license": "MIT"
    },
    "node_modules/buffer": {
      "version": "6.0.3",
      "funding": [
        {
          "type": "github",
          "url": "https://github.com/sponsors/feross"
        },
        {
          "type": "patreon",
          "url": "https://www.patreon.com/feross"
        },
        {
          "type": "consulting",
          "url": "https://feross.org/support"
        }
      ],
      "license": "MIT",
      "dependencies": {
        "base64-js": "^1.3.1",
        "ieee754": "^1.2.1"
      }
    },
    "node_modules/bun-types": {
      "version": "1.2.23",
      "resolved": "https://registry.npmjs.org/bun-types/-/bun-types-1.2.23.tgz",
      "integrity": "sha512-R9f0hKAZXgFU3mlrA0YpE/fiDvwV0FT9rORApt2aQVWSuJDzZOyB5QLc0N/4HF57CS8IXJ6+L5E4W1bW6NS2Aw==",
      "dev": true,
      "license": "MIT",
      "dependencies": {
        "@types/node": "*"
      },
      "peerDependencies": {
        "@types/react": "^19"
      }
    },
    "node_modules/call-bind": {
      "version": "1.0.7",
      "license": "MIT",
      "dependencies": {
        "es-define-property": "^1.0.0",
        "es-errors": "^1.3.0",
        "function-bind": "^1.1.2",
        "get-intrinsic": "^1.2.4",
        "set-function-length": "^1.2.1"
      },
      "engines": {
        "node": ">= 0.4"
      },
      "funding": {
        "url": "https://github.com/sponsors/ljharb"
      }
    },
    "node_modules/camera-controls": {
      "version": "2.9.0",
      "license": "MIT",
      "peerDependencies": {
        "three": ">=0.126.1"
      }
    },
    "node_modules/charenc": {
      "version": "0.0.2",
      "license": "BSD-3-Clause",
      "engines": {
        "node": "*"
      }
    },
    "node_modules/chokidar": {
      "version": "4.0.1",
      "license": "MIT",
      "dependencies": {
        "readdirp": "^4.0.1"
      },
      "engines": {
        "node": ">= 14.16.0"
      },
      "funding": {
        "url": "https://paulmillr.com/funding/"
      }
    },
    "node_modules/core-util-is": {
      "version": "1.0.2",
      "license": "MIT"
    },
    "node_modules/crypt": {
      "version": "0.0.2",
      "license": "BSD-3-Clause",
      "engines": {
        "node": "*"
      }
    },
    "node_modules/csstype": {
      "version": "3.1.3",
      "resolved": "https://registry.npmjs.org/csstype/-/csstype-3.1.3.tgz",
      "integrity": "sha512-M1uQkMl8rQK/szD0LNhtqxIPLpimGm8sOBwU7lLnCpSbTyY3yeU1Vc7l4KT5zT4s/yOxHH5O7tIuuLOCnLADRw==",
      "dev": true,
      "license": "MIT"
    },
    "node_modules/define-data-property": {
      "version": "1.1.4",
      "license": "MIT",
      "dependencies": {
        "es-define-property": "^1.0.0",
        "es-errors": "^1.3.0",
        "gopd": "^1.0.1"
      },
      "engines": {
        "node": ">= 0.4"
      },
      "funding": {
        "url": "https://github.com/sponsors/ljharb"
      }
    },
    "node_modules/define-properties": {
      "version": "1.2.1",
      "license": "MIT",
      "dependencies": {
        "define-data-property": "^1.0.1",
        "has-property-descriptors": "^1.0.0",
        "object-keys": "^1.1.1"
      },
      "engines": {
        "node": ">= 0.4"
      },
      "funding": {
        "url": "https://github.com/sponsors/ljharb"
      }
    },
    "node_modules/es-define-property": {
      "version": "1.0.0",
      "license": "MIT",
      "dependencies": {
        "get-intrinsic": "^1.2.4"
      },
      "engines": {
        "node": ">= 0.4"
      }
    },
    "node_modules/es-errors": {
      "version": "1.3.0",
      "license": "MIT",
      "engines": {
        "node": ">= 0.4"
      }
    },
    "node_modules/fflate": {
      "version": "0.8.2",
      "license": "MIT"
    },
    "node_modules/for-each": {
      "version": "0.3.3",
      "license": "MIT",
      "dependencies": {
        "is-callable": "^1.1.3"
      }
    },
    "node_modules/function-bind": {
      "version": "1.1.2",
      "license": "MIT",
      "funding": {
        "url": "https://github.com/sponsors/ljharb"
      }
    },
    "node_modules/get-intrinsic": {
      "version": "1.2.4",
      "license": "MIT",
      "dependencies": {
        "es-errors": "^1.3.0",
        "function-bind": "^1.1.2",
        "has-proto": "^1.0.1",
        "has-symbols": "^1.0.3",
        "hasown": "^2.0.0"
      },
      "engines": {
        "node": ">= 0.4"
      },
      "funding": {
        "url": "https://github.com/sponsors/ljharb"
      }
    },
    "node_modules/gopd": {
      "version": "1.0.1",
      "license": "MIT",
      "dependencies": {
        "get-intrinsic": "^1.1.3"
      },
      "funding": {
        "url": "https://github.com/sponsors/ljharb"
      }
    },
    "node_modules/gsap": {
      "version": "3.12.5",
      "license": "Standard 'no charge' license: https://gsap.com/standard-license. Club GSAP members get more: https://gsap.com/licensing/. Why GreenSock doesn't employ an MIT license: https://gsap.com/why-license/"
    },
    "node_modules/has-property-descriptors": {
      "version": "1.0.2",
      "license": "MIT",
      "dependencies": {
        "es-define-property": "^1.0.0"
      },
      "funding": {
        "url": "https://github.com/sponsors/ljharb"
      }
    },
    "node_modules/has-proto": {
      "version": "1.0.3",
      "license": "MIT",
      "engines": {
        "node": ">= 0.4"
      },
      "funding": {
        "url": "https://github.com/sponsors/ljharb"
      }
    },
    "node_modules/has-symbols": {
      "version": "1.0.3",
      "license": "MIT",
      "engines": {
        "node": ">= 0.4"
      },
      "funding": {
        "url": "https://github.com/sponsors/ljharb"
      }
    },
    "node_modules/has-tostringtag": {
      "version": "1.0.2",
      "license": "MIT",
      "dependencies": {
        "has-symbols": "^1.0.3"
      },
      "engines": {
        "node": ">= 0.4"
      },
      "funding": {
        "url": "https://github.com/sponsors/ljharb"
      }
    },
    "node_modules/hasown": {
      "version": "2.0.2",
      "license": "MIT",
      "dependencies": {
        "function-bind": "^1.1.2"
      },
      "engines": {
        "node": ">= 0.4"
      }
    },
    "node_modules/iconv-lite": {
      "version": "0.6.3",
      "license": "MIT",
      "dependencies": {
        "safer-buffer": ">= 2.1.2 < 3.0.0"
      },
      "engines": {
        "node": ">=0.10.0"
      }
    },
    "node_modules/ieee754": {
      "version": "1.2.1",
      "funding": [
        {
          "type": "github",
          "url": "https://github.com/sponsors/feross"
        },
        {
          "type": "patreon",
          "url": "https://www.patreon.com/feross"
        },
        {
          "type": "consulting",
          "url": "https://feross.org/support"
        }
      ],
      "license": "BSD-3-Clause"
    },
    "node_modules/immediate": {
      "version": "3.0.6",
      "license": "MIT"
    },
    "node_modules/immutable": {
      "version": "4.3.7",
      "license": "MIT"
    },
    "node_modules/inherits": {
      "version": "2.0.4",
      "license": "ISC"
    },
    "node_modules/is-arguments": {
      "version": "1.1.1",
      "license": "MIT",
      "dependencies": {
        "call-bind": "^1.0.2",
        "has-tostringtag": "^1.0.0"
      },
      "engines": {
        "node": ">= 0.4"
      },
      "funding": {
        "url": "https://github.com/sponsors/ljharb"
      }
    },
    "node_modules/is-buffer": {
      "version": "1.1.6",
      "license": "MIT"
    },
    "node_modules/is-callable": {
      "version": "1.2.7",
      "license": "MIT",
      "engines": {
        "node": ">= 0.4"
      },
      "funding": {
        "url": "https://github.com/sponsors/ljharb"
      }
    },
    "node_modules/is-generator-function": {
      "version": "1.0.10",
      "license": "MIT",
      "dependencies": {
        "has-tostringtag": "^1.0.0"
      },
      "engines": {
        "node": ">= 0.4"
      },
      "funding": {
        "url": "https://github.com/sponsors/ljharb"
      }
    },
    "node_modules/is-nan": {
      "version": "1.3.2",
      "license": "MIT",
      "dependencies": {
        "call-bind": "^1.0.0",
        "define-properties": "^1.1.3"
      },
      "engines": {
        "node": ">= 0.4"
      },
      "funding": {
        "url": "https://github.com/sponsors/ljharb"
      }
    },
    "node_modules/is-typed-array": {
      "version": "1.1.13",
      "license": "MIT",
      "dependencies": {
        "which-typed-array": "^1.1.14"
      },
      "engines": {
        "node": ">= 0.4"
      },
      "funding": {
        "url": "https://github.com/sponsors/ljharb"
      }
    },
    "node_modules/isarray": {
      "version": "1.0.0",
      "license": "MIT"
    },
    "node_modules/jszip": {
      "version": "3.10.1",
      "license": "(MIT OR GPL-3.0-or-later)",
      "dependencies": {
        "lie": "~3.3.0",
        "pako": "~1.0.2",
        "readable-stream": "~2.3.6",
        "setimmediate": "^1.0.5"
      }
    },
    "node_modules/kaitai-struct": {
      "version": "0.10.0",
      "license": "Apache-2.0"
    },
    "node_modules/lie": {
      "version": "3.3.0",
      "license": "MIT",
      "dependencies": {
        "immediate": "~3.0.5"
      }
    },
    "node_modules/localforage": {
      "version": "1.10.0",
      "license": "Apache-2.0",
      "dependencies": {
        "lie": "3.1.1"
      }
    },
    "node_modules/localforage/node_modules/lie": {
      "version": "3.1.1",
      "license": "MIT",
      "dependencies": {
        "immediate": "~3.0.5"
      }
    },
    "node_modules/md5": {
      "version": "2.3.0",
      "license": "BSD-3-Clause",
      "dependencies": {
        "charenc": "0.0.2",
        "crypt": "0.0.2",
        "is-buffer": "~1.1.6"
      }
    },
    "node_modules/meshoptimizer": {
      "version": "0.18.1",
      "license": "MIT"
    },
    "node_modules/object-is": {
      "version": "1.1.6",
      "license": "MIT",
      "dependencies": {
        "call-bind": "^1.0.7",
        "define-properties": "^1.2.1"
      },
      "engines": {
        "node": ">= 0.4"
      },
      "funding": {
        "url": "https://github.com/sponsors/ljharb"
      }
    },
    "node_modules/object-keys": {
      "version": "1.1.1",
      "license": "MIT",
      "engines": {
        "node": ">= 0.4"
      }
    },
    "node_modules/object.assign": {
      "version": "4.1.5",
      "license": "MIT",
      "dependencies": {
        "call-bind": "^1.0.5",
        "define-properties": "^1.2.1",
        "has-symbols": "^1.0.3",
        "object-keys": "^1.1.1"
      },
      "engines": {
        "node": ">= 0.4"
      },
      "funding": {
        "url": "https://github.com/sponsors/ljharb"
      }
    },
    "node_modules/pako": {
      "version": "1.0.11",
      "license": "(MIT AND Zlib)"
    },
    "node_modules/possible-typed-array-names": {
      "version": "1.0.0",
      "license": "MIT",
      "engines": {
        "node": ">= 0.4"
      }
    },
    "node_modules/process-nextick-args": {
      "version": "2.0.1",
      "license": "MIT"
    },
    "node_modules/readable-stream": {
      "version": "2.3.8",
      "license": "MIT",
      "dependencies": {
        "core-util-is": "~1.0.0",
        "inherits": "~2.0.3",
        "isarray": "~1.0.0",
        "process-nextick-args": "~2.0.0",
        "safe-buffer": "~5.1.1",
        "string_decoder": "~1.1.1",
        "util-deprecate": "~1.0.1"
      }
    },
    "node_modules/readdirp": {
      "version": "4.0.2",
      "license": "MIT",
      "engines": {
        "node": ">= 14.16.0"
      },
      "funding": {
        "type": "individual",
        "url": "https://paulmillr.com/funding/"
      }
    },
    "node_modules/safe-buffer": {
      "version": "5.1.2",
      "license": "MIT"
    },
    "node_modules/safer-buffer": {
      "version": "2.1.2",
      "license": "MIT"
    },
    "node_modules/sass": {
      "version": "1.79.4",
      "license": "MIT",
      "dependencies": {
        "chokidar": "^4.0.0",
        "immutable": "^4.0.0",
        "source-map-js": ">=0.6.2 <2.0.0"
      },
      "bin": {
        "sass": "sass.js"
      },
      "engines": {
        "node": ">=14.0.0"
      }
    },
    "node_modules/set-function-length": {
      "version": "1.2.2",
      "license": "MIT",
      "dependencies": {
        "define-data-property": "^1.1.4",
        "es-errors": "^1.3.0",
        "function-bind": "^1.1.2",
        "get-intrinsic": "^1.2.4",
        "gopd": "^1.0.1",
        "has-property-descriptors": "^1.0.2"
      },
      "engines": {
        "node": ">= 0.4"
      }
    },
    "node_modules/setimmediate": {
      "version": "1.0.5",
      "license": "MIT"
    },
    "node_modules/source-map-js": {
      "version": "1.2.1",
      "license": "BSD-3-Clause",
      "engines": {
        "node": ">=0.10.0"
      }
    },
    "node_modules/string_decoder": {
      "version": "1.1.1",
      "license": "MIT",
      "dependencies": {
        "safe-buffer": "~5.1.0"
      }
    },
    "node_modules/three": {
      "version": "0.169.0",
      "license": "MIT",
      "peer": true
    },
    "node_modules/typescript": {
      "version": "5.6.2",
      "license": "Apache-2.0",
      "peer": true,
      "bin": {
        "tsc": "bin/tsc",
        "tsserver": "bin/tsserver"
      },
      "engines": {
        "node": ">=14.17"
      }
    },
    "node_modules/undici-types": {
      "version": "7.13.0",
      "resolved": "https://registry.npmjs.org/undici-types/-/undici-types-7.13.0.tgz",
      "integrity": "sha512-Ov2Rr9Sx+fRgagJ5AX0qvItZG/JKKoBRAVITs1zk7IqZGTJUwgUr7qoYBpWwakpWilTZFM98rG/AFRocu10iIQ==",
      "dev": true,
      "license": "MIT"
    },
    "node_modules/util": {
      "version": "0.12.5",
      "license": "MIT",
      "dependencies": {
        "inherits": "^2.0.3",
        "is-arguments": "^1.0.4",
        "is-generator-function": "^1.0.7",
        "is-typed-array": "^1.1.3",
        "which-typed-array": "^1.1.2"
      }
    },
    "node_modules/util-deprecate": {
      "version": "1.0.2",
      "license": "MIT"
    },
    "node_modules/vanilla-lazyload": {
      "version": "19.1.3",
      "license": "MIT",
      "funding": {
        "type": "individual",
        "url": "https://ko-fi.com/verlok"
      }
    },
    "node_modules/which-typed-array": {
      "version": "1.1.15",
      "license": "MIT",
      "dependencies": {
        "available-typed-arrays": "^1.0.7",
        "call-bind": "^1.0.7",
        "for-each": "^0.3.3",
        "gopd": "^1.0.1",
        "has-tostringtag": "^1.0.2"
      },
      "engines": {
        "node": ">= 0.4"
      },
      "funding": {
        "url": "https://github.com/sponsors/ljharb"
      }
    }
  }
}
